
Microsoft Visual Studio Solution File, Format Version 12.00
# Visual Studio Version 16
VisualStudioVersion = 16.0.33214.272
MinimumVisualStudioVersion = 10.0.40219.1
Project("{FAE04EC0-301F-11D3-BF4B-00C04F79EFBC}") = "DateUnitTests", "DateUnitTests\DateUnitTests.csproj", "{C963A701-C1DB-490C-ACA1-4361C911FDFB}"
EndProject
Project("{FAE04EC0-301F-11D3-BF4B-00C04F79EFBC}") = "Date", "Date\Date.csproj", "{17D98413-33C0-4C9F-8976-F0734300989E}"
EndProject
Project("{FAE04EC0-301F-11D3-BF4B-00C04F79EFBC}") = "DateClassUsing WF", "DateClassUsing WF\DateClassUsing WF.csproj", "{7DCA7606-E6D4-4587-93F0-EABC5477DDAE}"
EndProject
Global
	GlobalSection(SolutionConfigurationPlatforms) = preSolution
		Debug|Any CPU = Debug|Any CPU
		Release|Any CPU = Release|Any CPU
	EndGlobalSection
	GlobalSection(ProjectConfigurationPlatforms) = postSolution
		{C963A701-C1DB-490C-ACA1-4361C911FDFB}.Debug|Any CPU.ActiveCfg = Debug|Any CPU
		{C963A701-C1DB-490C-ACA1-4361C911FDFB}.Debug|Any CPU.Build.0 = Debug|Any CPU
		{C963A701-C1DB-490C-ACA1-4361C911FDFB}.Release|Any CPU.ActiveCfg = Release|Any CPU
		{C963A701-C1DB-490C-ACA1-4361C911FDFB}.Release|Any CPU.Build.0 = Release|Any CPU
		{17D98413-33C0-4C9F-8976-F0734300989E}.Debug|Any CPU.ActiveCfg = Debug|Any CPU
		{17D98413-33C0-4C9F-8976-F0734300989E}.Debug|Any CPU.Build.0 = Debug|Any CPU
		{17D98413-33C0-4C9F-8976-F0734300989E}.Release|Any CPU.ActiveCfg = Release|Any CPU
		{17D98413-33C0-4C9F-8976-F0734300989E}.Release|Any CPU.Build.0 = Release|Any CPU
		{7DCA7606-E6D4-4587-93F0-EABC5477DDAE}.Debug|Any CPU.ActiveCfg = Debug|Any CPU
		{7DCA7606-E6D4-4587-93F0-EABC5477DDAE}.Debug|Any CPU.Build.0 = Debug|Any CPU
		{7DCA7606-E6D4-4587-93F0-EABC5477DDAE}.Release|Any CPU.ActiveCfg = Release|Any CPU
		{7DCA7606-E6D4-4587-93F0-EABC5477DDAE}.Release|Any CPU.Build.0 = Release|Any CPU
	EndGlobalSection
	GlobalSection(SolutionProperties) = preSolution
		HideSolutionNode = FALSE
	EndGlobalSection
	GlobalSection(ExtensibilityGlobals) = postSolution
		SolutionGuid = {22F363E0-83F5-42A4-AFEE-DE0592B84A0F}
	EndGlobalSection
EndGlobal
